
Microsoft Visual Studio Solution File, Format Version 12.00
# Visual Studio Version 16
VisualStudioVersion = 16.0.31424.327
MinimumVisualStudioVersion = 10.0.40219.1
Project("{FAE04EC0-301F-11D3-BF4B-00C04F79EFBC}") = "BlazorBooksTranslator.Server", "BlazorBooksTranslator\Server\BlazorBooksTranslator.Server.csproj", "{60B17F4C-AE58-400D-AB49-D2765C30AEF6}"
EndProject
Project("{FAE04EC0-301F-11D3-BF4B-00C04F79EFBC}") = "BlazorBooksTranslator.Client", "BlazorBooksTranslator\Client\BlazorBooksTranslator.Client.csproj", "{CCD27796-7AB4-4AEB-888B-8BC6A3E054A0}"
EndProject
Project("{FAE04EC0-301F-11D3-BF4B-00C04F79EFBC}") = "BlazorBooksTranslator.Shared", "BlazorBooksTranslator\Shared\BlazorBooksTranslator.Shared.csproj", "{81DF17BB-35C8-42BA-8E02-6D790CFEF229}"
EndProject
Global
	GlobalSection(SolutionConfigurationPlatforms) = preSolution
		Debug|Any CPU = Debug|Any CPU
		Release|Any CPU = Release|Any CPU
	EndGlobalSection
	GlobalSection(ProjectConfigurationPlatforms) = postSolution
		{60B17F4C-AE58-400D-AB49-D2765C30AEF6}.Debug|Any CPU.ActiveCfg = Debug|Any CPU
		{60B17F4C-AE58-400D-AB49-D2765C30AEF6}.Debug|Any CPU.Build.0 = Debug|Any CPU
		{60B17F4C-AE58-400D-AB49-D2765C30AEF6}.Release|Any CPU.ActiveCfg = Release|Any CPU
		{60B17F4C-AE58-400D-AB49-D2765C30AEF6}.Release|Any CPU.Build.0 = Release|Any CPU
		{CCD27796-7AB4-4AEB-888B-8BC6A3E054A0}.Debug|Any CPU.ActiveCfg = Debug|Any CPU
		{CCD27796-7AB4-4AEB-888B-8BC6A3E054A0}.Debug|Any CPU.Build.0 = Debug|Any CPU
		{CCD27796-7AB4-4AEB-888B-8BC6A3E054A0}.Release|Any CPU.ActiveCfg = Release|Any CPU
		{CCD27796-7AB4-4AEB-888B-8BC6A3E054A0}.Release|Any CPU.Build.0 = Release|Any CPU
		{81DF17BB-35C8-42BA-8E02-6D790CFEF229}.Debug|Any CPU.ActiveCfg = Debug|Any CPU
		{81DF17BB-35C8-42BA-8E02-6D790CFEF229}.Debug|Any CPU.Build.0 = Debug|Any CPU
		{81DF17BB-35C8-42BA-8E02-6D790CFEF229}.Release|Any CPU.ActiveCfg = Release|Any CPU
		{81DF17BB-35C8-42BA-8E02-6D790CFEF229}.Release|Any CPU.Build.0 = Release|Any CPU
	EndGlobalSection
	GlobalSection(SolutionProperties) = preSolution
		HideSolutionNode = FALSE
	EndGlobalSection
	GlobalSection(ExtensibilityGlobals) = postSolution
		SolutionGuid = {731D277A-9FCD-49D6-8478-A80805ECACE3}
	EndGlobalSection
EndGlobal
